{
  "object": {
    "pins": [
      {
        "package": "TreeSitter",
        "repositoryURL": "https://github.com/unsignedapps/swift-tree-sitter",
        "state": {
          "branch": null,
          "revision": "9a560dddb97b50ab08328b4ff1c27a81449c059a",
          "version": "0.16.5-swift"
        }
      }
    ]
  },
  "version": 1
}
