{
  "object": {
    "pins": [
      {
        "package": "TreeSitter",
        "repositoryURL": "https://github.com/unsignedapps/swift-tree-sitter",
        "state": {
          "branch": null,
          "revision": "669afcec0231b8b334fd4a8fd39caa66b80046d7",
          "version": "0.18.0"
        }
      }
    ]
  },
  "version": 1
}
